
Microsoft Visual Studio Solution File, Format Version 12.00
# Visual Studio Version 17
VisualStudioVersion = 17.1.31911.260
MinimumVisualStudioVersion = 10.0.40219.1
Project("{9A19103F-16F7-4668-BE54-9A1E7A4F7556}") = "WordleHack", "src\WordleHack.csproj", "{8D001E36-AA27-4D38-89D4-94881C7C9AFE}"
EndProject
Global
	GlobalSection(SolutionConfigurationPlatforms) = preSolution
		Debug|Any CPU = Debug|Any CPU
		Release|Any CPU = Release|Any CPU
	EndGlobalSection
	GlobalSection(ProjectConfigurationPlatforms) = postSolution
		{8D001E36-AA27-4D38-89D4-94881C7C9AFE}.Debug|Any CPU.ActiveCfg = Debug|Any CPU
		{8D001E36-AA27-4D38-89D4-94881C7C9AFE}.Debug|Any CPU.Build.0 = Debug|Any CPU
		{8D001E36-AA27-4D38-89D4-94881C7C9AFE}.Release|Any CPU.ActiveCfg = Release|Any CPU
		{8D001E36-AA27-4D38-89D4-94881C7C9AFE}.Release|Any CPU.Build.0 = Release|Any CPU
	EndGlobalSection
	GlobalSection(SolutionProperties) = preSolution
		HideSolutionNode = FALSE
	EndGlobalSection
	GlobalSection(ExtensibilityGlobals) = postSolution
		SolutionGuid = {A55C18C4-7E67-48F7-9DC5-3BC4DBBDBA28}
	EndGlobalSection
EndGlobal
